
Microsoft Visual Studio Solution File, Format Version 12.00
# Visual Studio 2013
VisualStudioVersion = 12.0.30110.0
MinimumVisualStudioVersion = 10.0.40219.1
Project("{F184B08F-C81C-45F6-A57F-5ABD9991F28F}") = "WinCreatingClass", "WinCreatingClass\WinCreatingClass.vbproj", "{16B9A936-4F4B-4279-9A2B-FE12209132CD}"
EndProject
Project("{54435603-DBB4-11D2-8724-00A0C9A8B90C}") = "SetupClassCreator", "SetupClassCreator\SetupClassCreator.vdproj", "{07EC2E9F-EF1E-4839-83FD-0E2E77DA104B}"
EndProject
Global
	GlobalSection(SolutionConfigurationPlatforms) = preSolution
		Debug|Any CPU = Debug|Any CPU
		Release|Any CPU = Release|Any CPU
	EndGlobalSection
	GlobalSection(ProjectConfigurationPlatforms) = postSolution
		{16B9A936-4F4B-4279-9A2B-FE12209132CD}.Debug|Any CPU.ActiveCfg = Debug|Any CPU
		{16B9A936-4F4B-4279-9A2B-FE12209132CD}.Debug|Any CPU.Build.0 = Debug|Any CPU
		{16B9A936-4F4B-4279-9A2B-FE12209132CD}.Release|Any CPU.ActiveCfg = Release|Any CPU
		{16B9A936-4F4B-4279-9A2B-FE12209132CD}.Release|Any CPU.Build.0 = Release|Any CPU
		{07EC2E9F-EF1E-4839-83FD-0E2E77DA104B}.Debug|Any CPU.ActiveCfg = Debug
		{07EC2E9F-EF1E-4839-83FD-0E2E77DA104B}.Release|Any CPU.ActiveCfg = Release
	EndGlobalSection
	GlobalSection(SolutionProperties) = preSolution
		HideSolutionNode = FALSE
	EndGlobalSection
EndGlobal
